
Microsoft Visual Studio Solution File, Format Version 12.00
# Visual Studio Version 17
VisualStudioVersion = 17.8.34330.188
MinimumVisualStudioVersion = 10.0.40219.1
Project("{FAE04EC0-301F-11D3-BF4B-00C04F79EFBC}") = "Unstoppable", "Unstoppable\Unstoppable.csproj", "{A45E8138-246B-4121-9D3E-F39EE97FDEAA}"
EndProject
Global
	GlobalSection(SolutionConfigurationPlatforms) = preSolution
		Debug|Any CPU = Debug|Any CPU
		Release|Any CPU = Release|Any CPU
	EndGlobalSection
	GlobalSection(ProjectConfigurationPlatforms) = postSolution
		{A45E8138-246B-4121-9D3E-F39EE97FDEAA}.Debug|Any CPU.ActiveCfg = Debug|Any CPU
		{A45E8138-246B-4121-9D3E-F39EE97FDEAA}.Debug|Any CPU.Build.0 = Debug|Any CPU
		{A45E8138-246B-4121-9D3E-F39EE97FDEAA}.Release|Any CPU.ActiveCfg = Release|Any CPU
		{A45E8138-246B-4121-9D3E-F39EE97FDEAA}.Release|Any CPU.Build.0 = Release|Any CPU
	EndGlobalSection
	GlobalSection(SolutionProperties) = preSolution
		HideSolutionNode = FALSE
	EndGlobalSection
	GlobalSection(ExtensibilityGlobals) = postSolution
		SolutionGuid = {711A099B-DFE4-4EA4-BCB8-F2B7176BDC34}
	EndGlobalSection
EndGlobal
